
Microsoft Visual Studio Solution File, Format Version 12.00
# Visual Studio Version 17
VisualStudioVersion = 17.0.31903.59
MinimumVisualStudioVersion = 10.0.40219.1
Project("{FAE04EC0-301F-11D3-BF4B-00C04F79EFBC}") = "KyhLoginWebApplication", "KyhLoginWebApplication\KyhLoginWebApplication.csproj", "{693AB336-EAB3-4DB0-AC45-46A0BDF6AB47}"
EndProject
Global
	GlobalSection(SolutionConfigurationPlatforms) = preSolution
		Debug|Any CPU = Debug|Any CPU
		Release|Any CPU = Release|Any CPU
	EndGlobalSection
	GlobalSection(ProjectConfigurationPlatforms) = postSolution
		{693AB336-EAB3-4DB0-AC45-46A0BDF6AB47}.Debug|Any CPU.ActiveCfg = Debug|Any CPU
		{693AB336-EAB3-4DB0-AC45-46A0BDF6AB47}.Debug|Any CPU.Build.0 = Debug|Any CPU
		{693AB336-EAB3-4DB0-AC45-46A0BDF6AB47}.Release|Any CPU.ActiveCfg = Release|Any CPU
		{693AB336-EAB3-4DB0-AC45-46A0BDF6AB47}.Release|Any CPU.Build.0 = Release|Any CPU
	EndGlobalSection
	GlobalSection(SolutionProperties) = preSolution
		HideSolutionNode = FALSE
	EndGlobalSection
	GlobalSection(ExtensibilityGlobals) = postSolution
		SolutionGuid = {64A711C9-010A-41AA-B9F2-20FFD8E07120}
	EndGlobalSection
EndGlobal
